
Microsoft Visual Studio Solution File, Format Version 12.00
# Visual Studio 15
VisualStudioVersion = 15.0.27130.2020
MinimumVisualStudioVersion = 10.0.40219.1
Project("{E6C563F2-BDC2-4A24-ACBF-01715157DCBB}") = "LoriotAzureStreamAnalytics", "LoriotAzureStreamAnalytics\LoriotAzureStreamAnalytics.asaproj", "{24129473-F264-464D-913F-44F93E902784}"
EndProject
Project("{9A19103F-16F7-4668-BE54-9A1E7A4F7556}") = "LoriotAzureFunctions", "LoriotAzureFunctions\LoriotAzureFunctions.csproj", "{420322C3-D4BE-447E-B64A-BFD409EEE68F}"
EndProject
Project("{FAE04EC0-301F-11D3-BF4B-00C04F79EFBC}") = "LoriotAlarmingFunctions", "LoriotAlarmingFunctions\LoriotAlarmingFunctions.csproj", "{1CE5875B-8C94-4B01-A2E4-E87E61894D37}"
EndProject
Global
	GlobalSection(SolutionConfigurationPlatforms) = preSolution
		Debug|Any CPU = Debug|Any CPU
		Release|Any CPU = Release|Any CPU
	EndGlobalSection
	GlobalSection(ProjectConfigurationPlatforms) = postSolution
		{24129473-F264-464D-913F-44F93E902784}.Debug|Any CPU.ActiveCfg = Debug|Any CPU
		{24129473-F264-464D-913F-44F93E902784}.Debug|Any CPU.Build.0 = Debug|Any CPU
		{24129473-F264-464D-913F-44F93E902784}.Release|Any CPU.ActiveCfg = Release|Any CPU
		{24129473-F264-464D-913F-44F93E902784}.Release|Any CPU.Build.0 = Release|Any CPU
		{420322C3-D4BE-447E-B64A-BFD409EEE68F}.Debug|Any CPU.ActiveCfg = Debug|Any CPU
		{420322C3-D4BE-447E-B64A-BFD409EEE68F}.Debug|Any CPU.Build.0 = Debug|Any CPU
		{420322C3-D4BE-447E-B64A-BFD409EEE68F}.Release|Any CPU.ActiveCfg = Release|Any CPU
		{420322C3-D4BE-447E-B64A-BFD409EEE68F}.Release|Any CPU.Build.0 = Release|Any CPU
		{1CE5875B-8C94-4B01-A2E4-E87E61894D37}.Debug|Any CPU.ActiveCfg = Debug|Any CPU
		{1CE5875B-8C94-4B01-A2E4-E87E61894D37}.Debug|Any CPU.Build.0 = Debug|Any CPU
		{1CE5875B-8C94-4B01-A2E4-E87E61894D37}.Release|Any CPU.ActiveCfg = Release|Any CPU
		{1CE5875B-8C94-4B01-A2E4-E87E61894D37}.Release|Any CPU.Build.0 = Release|Any CPU
	EndGlobalSection
	GlobalSection(SolutionProperties) = preSolution
		HideSolutionNode = FALSE
	EndGlobalSection
	GlobalSection(ExtensibilityGlobals) = postSolution
		SolutionGuid = {8625DB90-CAD4-4AAF-A94F-909345226351}
	EndGlobalSection
EndGlobal
